
Microsoft Visual Studio Solution File, Format Version 12.00
# Visual Studio Version 16
VisualStudioVersion = 16.0.28721.148
MinimumVisualStudioVersion = 10.0.40219.1
Project("{FAE04EC0-301F-11D3-BF4B-00C04F79EFBC}") = "BlazorClientAndServerSide.Server", "BlazorClientAndServerSide.Server\BlazorClientAndServerSide.Server.csproj", "{FF7B1128-76BF-4FFE-8FA3-C36533FD54F9}"
EndProject
Project("{FAE04EC0-301F-11D3-BF4B-00C04F79EFBC}") = "BlazorClientAndServerSide.Client", "BlazorClientAndServerSide.Client\BlazorClientAndServerSide.Client.csproj", "{6EEC53D2-0CB8-4D16-B55A-9CC11381ECF7}"
EndProject
Project("{FAE04EC0-301F-11D3-BF4B-00C04F79EFBC}") = "BlazorClientAndServerSide.Shared", "BlazorClientAndServerSide.Shared\BlazorClientAndServerSide.Shared.csproj", "{C8A92F31-4944-4ABF-9023-1E5319D03638}"
EndProject
Global
	GlobalSection(SolutionConfigurationPlatforms) = preSolution
		Debug|Any CPU = Debug|Any CPU
		Release|Any CPU = Release|Any CPU
	EndGlobalSection
	GlobalSection(ProjectConfigurationPlatforms) = postSolution
		{FF7B1128-76BF-4FFE-8FA3-C36533FD54F9}.Debug|Any CPU.ActiveCfg = Debug|Any CPU
		{FF7B1128-76BF-4FFE-8FA3-C36533FD54F9}.Debug|Any CPU.Build.0 = Debug|Any CPU
		{FF7B1128-76BF-4FFE-8FA3-C36533FD54F9}.Release|Any CPU.ActiveCfg = Release|Any CPU
		{FF7B1128-76BF-4FFE-8FA3-C36533FD54F9}.Release|Any CPU.Build.0 = Release|Any CPU
		{6EEC53D2-0CB8-4D16-B55A-9CC11381ECF7}.Debug|Any CPU.ActiveCfg = Debug|Any CPU
		{6EEC53D2-0CB8-4D16-B55A-9CC11381ECF7}.Debug|Any CPU.Build.0 = Debug|Any CPU
		{6EEC53D2-0CB8-4D16-B55A-9CC11381ECF7}.Release|Any CPU.ActiveCfg = Release|Any CPU
		{6EEC53D2-0CB8-4D16-B55A-9CC11381ECF7}.Release|Any CPU.Build.0 = Release|Any CPU
		{C8A92F31-4944-4ABF-9023-1E5319D03638}.Debug|Any CPU.ActiveCfg = Debug|Any CPU
		{C8A92F31-4944-4ABF-9023-1E5319D03638}.Debug|Any CPU.Build.0 = Debug|Any CPU
		{C8A92F31-4944-4ABF-9023-1E5319D03638}.Release|Any CPU.ActiveCfg = Release|Any CPU
		{C8A92F31-4944-4ABF-9023-1E5319D03638}.Release|Any CPU.Build.0 = Release|Any CPU
	EndGlobalSection
	GlobalSection(SolutionProperties) = preSolution
		HideSolutionNode = FALSE
	EndGlobalSection
	GlobalSection(ExtensibilityGlobals) = postSolution
		SolutionGuid = {01B73C4F-7DB1-44BB-94C4-82656C42E4F4}
	EndGlobalSection
EndGlobal
